
Microsoft Visual Studio Solution File, Format Version 12.00
# Visual Studio 14
VisualStudioVersion = 14.0.25123.0
MinimumVisualStudioVersion = 10.0.40219.1
Project("{2150E333-8FDC-42A3-9474-1A3956D46DE8}") = "Solution Items", "Solution Items", "{0FC0F4A1-EEBB-45E2-BC43-B83C1AA9E532}"
	ProjectSection(SolutionItems) = preProject
		.dockerignore = .dockerignore
		.editorconfig = .editorconfig
		.gitignore = .gitignore
		CHANGELOG.md = CHANGELOG.md
		Dockerfile = Dockerfile
		e2e-spec.js = e2e-spec.js
		favicon.ico = favicon.ico
		index.html = index.html
		karma-test-shim.js = karma-test-shim.js
		karma.conf.js = karma.conf.js
		LICENSE = LICENSE
		package.json = package.json
		protractor.config.js = protractor.config.js
		README.md = README.md
		styles.css = styles.css
		systemjs.config.js = systemjs.config.js
		tsconfig.json = tsconfig.json
		tslint.json = tslint.json
		typings.json = typings.json
		wallaby.js = wallaby.js
	EndProjectSection
EndProject
Global
	GlobalSection(SolutionProperties) = preSolution
		HideSolutionNode = FALSE
	EndGlobalSection
EndGlobal
